// !$*UTF8*$!
{
	archiveVersion = 1;
	classes = {
	};
	objectVersion = 46;
	objects = {

/* Begin PBXBuildFile section */
		DB61AC781C9F040900D89514 /* main.m in Sources */ = {isa = PBXBuildFile; fileRef = DB61AC771C9F040900D89514 /* main.m */; };
		DB61AC7B1C9F040900D89514 /* AppDelegate.m in Sources */ = {isa = PBXBuildFile; fileRef = DB61AC7A1C9F040900D89514 /* AppDelegate.m */; };
		DB61AC7E1C9F040900D89514 /* ViewController.m in Sources */ = {isa = PBXBuildFile; fileRef = DB61AC7D1C9F040900D89514 /* ViewController.m */; };
		DB61AC811C9F040900D89514 /* Main.storyboard in Resources */ = {isa = PBXBuildFile; fileRef = DB61AC7F1C9F040900D89514 /* Main.storyboard */; };
		DB61AC831C9F040900D89514 /* Assets.xcassets in Resources */ = {isa = PBXBuildFile; fileRef = DB61AC821C9F040900D89514 /* Assets.xcassets */; };
		DB61AC861C9F040900D89514 /* LaunchScreen.storyboard in Resources */ = {isa = PBXBuildFile; fileRef = DB61AC841C9F040900D89514 /* LaunchScreen.storyboard */; };
		DB61AC921C9F07AF00D89514 /* ViewControllerA.m in Sources */ = {isa = PBXBuildFile; fileRef = DB61AC911C9F07AF00D89514 /* ViewControllerA.m */; };
		DB61AC951C9F07BB00D89514 /* ViewControllerB.m in Sources */ = {isa = PBXBuildFile; fileRef = DB61AC941C9F07BB00D89514 /* ViewControllerB.m */; };
		DB61AC981C9F07C800D89514 /* ViewControllerC.m in Sources */ = {isa = PBXBuildFile; fileRef = DB61AC971C9F07C800D89514 /* ViewControllerC.m */; };
		DB61AC9B1C9F638400D89514 /* UIViewController+Page.m in Sources */ = {isa = PBXBuildFile; fileRef = DB61AC9A1C9F638400D89514 /* UIViewController+Page.m */; };
/* End PBXBuildFile section */

/* Begin PBXFileReference section */
		DB61AC731C9F040900D89514 /* Ftue.app */ = {isa = PBXFileReference; explicitFileType = wrapper.application; includeInIndex = 0; path = Ftue.app; sourceTree = BUILT_PRODUCTS_DIR; };
		DB61AC771C9F040900D89514 /* main.m */ = {isa = PBXFileReference; lastKnownFileType = sourcecode.c.objc; path = main.m; sourceTree = "<group>"; };
		DB61AC791C9F040900D89514 /* AppDelegate.h */ = {isa = PBXFileReference; lastKnownFileType = sourcecode.c.h; path = AppDelegate.h; sourceTree = "<group>"; };
		DB61AC7A1C9F040900D89514 /* AppDelegate.m */ = {isa = PBXFileReference; lastKnownFileType = sourcecode.c.objc; path = AppDelegate.m; sourceTree = "<group>"; };
		DB61AC7C1C9F040900D89514 /* ViewController.h */ = {isa = PBXFileReference; lastKnownFileType = sourcecode.c.h; path = ViewController.h; sourceTree = "<group>"; };
		DB61AC7D1C9F040900D89514 /* ViewController.m */ = {isa = PBXFileReference; lastKnownFileType = sourcecode.c.objc; path = ViewController.m; sourceTree = "<group>"; };
		DB61AC801C9F040900D89514 /* Base */ = {isa = PBXFileReference; lastKnownFileType = file.storyboard; name = Base; path = Base.lproj/Main.storyboard; sourceTree = "<group>"; };
		DB61AC821C9F040900D89514 /* Assets.xcassets */ = {isa = PBXFileReference; lastKnownFileType = folder.assetcatalog; path = Assets.xcassets; sourceTree = "<group>"; };
		DB61AC851C9F040900D89514 /* Base */ = {isa = PBXFileReference; lastKnownFileType = file.storyboard; name = Base; path = Base.lproj/LaunchScreen.storyboard; sourceTree = "<group>"; };
		DB61AC871C9F040900D89514 /* Info.plist */ = {isa = PBXFileReference; lastKnownFileType = text.plist.xml; path = Info.plist; sourceTree = "<group>"; };
		DB61AC901C9F07AF00D89514 /* ViewControllerA.h */ = {isa = PBXFileReference; fileEncoding = 4; lastKnownFileType = sourcecode.c.h; name = ViewControllerA.h; path = ../ViewControllerA.h; sourceTree = "<group>"; };
		DB61AC911C9F07AF00D89514 /* ViewControllerA.m */ = {isa = PBXFileReference; fileEncoding = 4; lastKnownFileType = sourcecode.c.objc; name = ViewControllerA.m; path = ../ViewControllerA.m; sourceTree = "<group>"; };
		DB61AC931C9F07BB00D89514 /* ViewControllerB.h */ = {isa = PBXFileReference; fileEncoding = 4; lastKnownFileType = sourcecode.c.h; name = ViewControllerB.h; path = ../ViewControllerB.h; sourceTree = "<group>"; };
		DB61AC941C9F07BB00D89514 /* ViewControllerB.m */ = {isa = PBXFileReference; fileEncoding = 4; lastKnownFileType = sourcecode.c.objc; name = ViewControllerB.m; path = ../ViewControllerB.m; sourceTree = "<group>"; };
		DB61AC961C9F07C800D89514 /* ViewControllerC.h */ = {isa = PBXFileReference; fileEncoding = 4; lastKnownFileType = sourcecode.c.h; path = ViewControllerC.h; sourceTree = "<group>"; };
		DB61AC971C9F07C800D89514 /* ViewControllerC.m */ = {isa = PBXFileReference; fileEncoding = 4; lastKnownFileType = sourcecode.c.objc; path = ViewControllerC.m; sourceTree = "<group>"; };
		DB61AC991C9F638400D89514 /* UIViewController+Page.h */ = {isa = PBXFileReference; fileEncoding = 4; lastKnownFileType = sourcecode.c.h; path = "UIViewController+Page.h"; sourceTree = "<group>"; };
		DB61AC9A1C9F638400D89514 /* UIViewController+Page.m */ = {isa = PBXFileReference; fileEncoding = 4; lastKnownFileType = sourcecode.c.objc; path = "UIViewController+Page.m"; sourceTree = "<group>"; };
/* End PBXFileReference section */

/* Begin PBXFrameworksBuildPhase section */
		DB61AC701C9F040900D89514 /* Frameworks */ = {
			isa = PBXFrameworksBuildPhase;
			buildActionMask = 2147483647;
			files = (
			);
			runOnlyForDeploymentPostprocessing = 0;
		};
/* End PBXFrameworksBuildPhase section */

/* Begin PBXGroup section */
		DB61AC6A1C9F040900D89514 = {
			isa = PBXGroup;
			children = (
				DB61AC751C9F040900D89514 /* Ftue */,
				DB61AC741C9F040900D89514 /* Products */,
			);
			sourceTree = "<group>";
		};
		DB61AC741C9F040900D89514 /* Products */ = {
			isa = PBXGroup;
			children = (
				DB61AC731C9F040900D89514 /* Ftue.app */,
			);
			name = Products;
			sourceTree = "<group>";
		};
		DB61AC751C9F040900D89514 /* Ftue */ = {
			isa = PBXGroup;
			children = (
				DB61AC901C9F07AF00D89514 /* ViewControllerA.h */,
				DB61AC991C9F638400D89514 /* UIViewController+Page.h */,
				DB61AC9A1C9F638400D89514 /* UIViewController+Page.m */,
				DB61AC911C9F07AF00D89514 /* ViewControllerA.m */,
				DB61AC931C9F07BB00D89514 /* ViewControllerB.h */,
				DB61AC941C9F07BB00D89514 /* ViewControllerB.m */,
				DB61AC961C9F07C800D89514 /* ViewControllerC.h */,
				DB61AC971C9F07C800D89514 /* ViewControllerC.m */,
				DB61AC791C9F040900D89514 /* AppDelegate.h */,
				DB61AC7A1C9F040900D89514 /* AppDelegate.m */,
				DB61AC7C1C9F040900D89514 /* ViewController.h */,
				DB61AC7D1C9F040900D89514 /* ViewController.m */,
				DB61AC7F1C9F040900D89514 /* Main.storyboard */,
				DB61AC821C9F040900D89514 /* Assets.xcassets */,
				DB61AC841C9F040900D89514 /* LaunchScreen.storyboard */,
				DB61AC871C9F040900D89514 /* Info.plist */,
				DB61AC761C9F040900D89514 /* Supporting Files */,
			);
			path = Ftue;
			sourceTree = "<group>";
		};
		DB61AC761C9F040900D89514 /* Supporting Files */ = {
			isa = PBXGroup;
			children = (
				DB61AC771C9F040900D89514 /* main.m */,
			);
			name = "Supporting Files";
			sourceTree = "<group>";
		};
/* End PBXGroup section */

/* Begin PBXNativeTarget section */
		DB61AC721C9F040900D89514 /* Ftue */ = {
			isa = PBXNativeTarget;
			buildConfigurationList = DB61AC8A1C9F040900D89514 /* Build configuration list for PBXNativeTarget "Ftue" */;
			buildPhases = (
				DB61AC6F1C9F040900D89514 /* Sources */,
				DB61AC701C9F040900D89514 /* Frameworks */,
				DB61AC711C9F040900D89514 /* Resources */,
			);
			buildRules = (
			);
			dependencies = (
			);
			name = Ftue;
			productName = Ftue;
			productReference = DB61AC731C9F040900D89514 /* Ftue.app */;
			productType = "com.apple.product-type.application";
		};
/* End PBXNativeTarget section */

/* Begin PBXProject section */
		DB61AC6B1C9F040900D89514 /* Project object */ = {
			isa = PBXProject;
			attributes = {
				LastUpgradeCheck = 0720;
				ORGANIZATIONNAME = spencerkamchee;
				TargetAttributes = {
					DB61AC721C9F040900D89514 = {
						CreatedOnToolsVersion = 7.2.1;
					};
				};
			};
			buildConfigurationList = DB61AC6E1C9F040900D89514 /* Build configuration list for PBXProject "Ftue" */;
			compatibilityVersion = "Xcode 3.2";
			developmentRegion = English;
			hasScannedForEncodings = 0;
			knownRegions = (
				en,
				Base,
			);
			mainGroup = DB61AC6A1C9F040900D89514;
			productRefGroup = DB61AC741C9F040900D89514 /* Products */;
			projectDirPath = "";
			projectRoot = "";
			targets = (
				DB61AC721C9F040900D89514 /* Ftue */,
			);
		};
/* End PBXProject section */

/* Begin PBXResourcesBuildPhase section */
		DB61AC711C9F040900D89514 /* Resources */ = {
			isa = PBXResourcesBuildPhase;
			buildActionMask = 2147483647;
			files = (
				DB61AC861C9F040900D89514 /* LaunchScreen.storyboard in Resources */,
				DB61AC831C9F040900D89514 /* Assets.xcassets in Resources */,
				DB61AC811C9F040900D89514 /* Main.storyboard in Resources */,
			);
			runOnlyForDeploymentPostprocessing = 0;
		};
/* End PBXResourcesBuildPhase section */

/* Begin PBXSourcesBuildPhase section */
		DB61AC6F1C9F040900D89514 /* Sources */ = {
			isa = PBXSourcesBuildPhase;
			buildActionMask = 2147483647;
			files = (
				DB61AC9B1C9F638400D89514 /* UIViewController+Page.m in Sources */,
				DB61AC921C9F07AF00D89514 /* ViewControllerA.m in Sources */,
				DB61AC7E1C9F040900D89514 /* ViewController.m in Sources */,
				DB61AC981C9F07C800D89514 /* ViewControllerC.m in Sources */,
				DB61AC7B1C9F040900D89514 /* AppDelegate.m in Sources */,
				DB61AC781C9F040900D89514 /* main.m in Sources */,
				DB61AC951C9F07BB00D89514 /* ViewControllerB.m in Sources */,
			);
			runOnlyForDeploymentPostprocessing = 0;
		};
/* End PBXSourcesBuildPhase section */

/* Begin PBXVariantGroup section */
		DB61AC7F1C9F040900D89514 /* Main.storyboard */ = {
			isa = PBXVariantGroup;
			children = (
				DB61AC801C9F040900D89514 /* Base */,
			);
			name = Main.storyboard;
			sourceTree = "<group>";
		};
		DB61AC841C9F040900D89514 /* LaunchScreen.storyboard */ = {
			isa = PBXVariantGroup;
			children = (
				DB61AC851C9F040900D89514 /* Base */,
			);
			name = LaunchScreen.storyboard;
			sourceTree = "<group>";
		};
/* End PBXVariantGroup section */

/* Begin XCBuildConfiguration section */
		DB61AC881C9F040900D89514 /* Debug */ = {
			isa = XCBuildConfiguration;
			buildSettings = {
				ALWAYS_SEARCH_USER_PATHS = NO;
				CLANG_CXX_LANGUAGE_STANDARD = "gnu++0x";
				CLANG_CXX_LIBRARY = "libc++";
				CLANG_ENABLE_MODULES = YES;
				CLANG_ENABLE_OBJC_ARC = YES;
				CLANG_WARN_BOOL_CONVERSION = YES;
				CLANG_WARN_CONSTANT_CONVERSION = YES;
				CLANG_WARN_DIRECT_OBJC_ISA_USAGE = YES_ERROR;
				CLANG_WARN_EMPTY_BODY = YES;
				CLANG_WARN_ENUM_CONVERSION = YES;
				CLANG_WARN_INT_CONVERSION = YES;
				CLANG_WARN_OBJC_ROOT_CLASS = YES_ERROR;
				CLANG_WARN_UNREACHABLE_CODE = YES;
				CLANG_WARN__DUPLICATE_METHOD_MATCH = YES;
				"CODE_SIGN_IDENTITY[sdk=iphoneos*]" = "iPhone Developer";
				COPY_PHASE_STRIP = NO;
				DEBUG_INFORMATION_FORMAT = dwarf;
				ENABLE_STRICT_OBJC_MSGSEND = YES;
				ENABLE_TESTABILITY = YES;
				GCC_C_LANGUAGE_STANDARD = gnu99;
				GCC_DYNAMIC_NO_PIC = NO;
				GCC_NO_COMMON_BLOCKS = YES;
				GCC_OPTIMIZATION_LEVEL = 0;
				GCC_PREPROCESSOR_DEFINITIONS = (
					"DEBUG=1",
					"$(inherited)",
				);
				GCC_WARN_64_TO_32_BIT_CONVERSION = YES;
				GCC_WARN_ABOUT_RETURN_TYPE = YES_ERROR;
				GCC_WARN_UNDECLARED_SELECTOR = YES;
				GCC_WARN_UNINITIALIZED_AUTOS = YES_AGGRESSIVE;
				GCC_WARN_UNUSED_FUNCTION = YES;
				GCC_WARN_UNUSED_VARIABLE = YES;
				IPHONEOS_DEPLOYMENT_TARGET = 9.2;
				MTL_ENABLE_DEBUG_INFO = YES;
				ONLY_ACTIVE_ARCH = YES;
				SDKROOT = iphoneos;
				TARGETED_DEVICE_FAMILY = "1,2";
			};
			name = Debug;
		};
		DB61AC891C9F040900D89514 /* Release */ = {
			isa = XCBuildConfiguration;
			buildSettings = {
				ALWAYS_SEARCH_USER_PATHS = NO;
				CLANG_CXX_LANGUAGE_STANDARD = "gnu++0x";
				CLANG_CXX_LIBRARY = "libc++";
				CLANG_ENABLE_MODULES = YES;
				CLANG_ENABLE_OBJC_ARC = YES;
				CLANG_WARN_BOOL_CONVERSION = YES;
				CLANG_WARN_CONSTANT_CONVERSION = YES;
				CLANG_WARN_DIRECT_OBJC_ISA_USAGE = YES_ERROR;
				CLANG_WARN_EMPTY_BODY = YES;
				CLANG_WARN_ENUM_CONVERSION = YES;
				CLANG_WARN_INT_CONVERSION = YES;
				CLANG_WARN_OBJC_ROOT_CLASS = YES_ERROR;
				CLANG_WARN_UNREACHABLE_CODE = YES;
				CLANG_WARN__DUPLICATE_METHOD_MATCH = YES;
				"CODE_SIGN_IDENTITY[sdk=iphoneos*]" = "iPhone Developer";
				COPY_PHASE_STRIP = NO;
				DEBUG_INFORMATION_FORMAT = "dwarf-with-dsym";
				ENABLE_NS_ASSERTIONS = NO;
				ENABLE_STRICT_OBJC_MSGSEND = YES;
				GCC_C_LANGUAGE_STANDARD = gnu99;
				GCC_NO_COMMON_BLOCKS = YES;
				GCC_WARN_64_TO_32_BIT_CONVERSION = YES;
				GCC_WARN_ABOUT_RETURN_TYPE = YES_ERROR;
				GCC_WARN_UNDECLARED_SELECTOR = YES;
				GCC_WARN_UNINITIALIZED_AUTOS = YES_AGGRESSIVE;
				GCC_WARN_UNUSED_FUNCTION = YES;
				GCC_WARN_UNUSED_VARIABLE = YES;
				IPHONEOS_DEPLOYMENT_TARGET = 9.2;
				MTL_ENABLE_DEBUG_INFO = NO;
				SDKROOT = iphoneos;
				TARGETED_DEVICE_FAMILY = "1,2";
				VALIDATE_PRODUCT = YES;
			};
			name = Release;
		};
		DB61AC8B1C9F040900D89514 /* Debug */ = {
			isa = XCBuildConfiguration;
			buildSettings = {
				ASSETCATALOG_COMPILER_APPICON_NAME = AppIcon;
				INFOPLIST_FILE = Ftue/Info.plist;
				LD_RUNPATH_SEARCH_PATHS = "$(inherited) @executable_path/Frameworks";
				PRODUCT_BUNDLE_IDENTIFIER = com.spencerkamchee.Ftue;
				PRODUCT_NAME = "$(TARGET_NAME)";
			};
			name = Debug;
		};
		DB61AC8C1C9F040900D89514 /* Release */ = {
			isa = XCBuildConfiguration;
			buildSettings = {
				ASSETCATALOG_COMPILER_APPICON_NAME = AppIcon;
				INFOPLIST_FILE = Ftue/Info.plist;
				LD_RUNPATH_SEARCH_PATHS = "$(inherited) @executable_path/Frameworks";
				PRODUCT_BUNDLE_IDENTIFIER = com.spencerkamchee.Ftue;
				PRODUCT_NAME = "$(TARGET_NAME)";
			};
			name = Release;
		};
/* End XCBuildConfiguration section */

/* Begin XCConfigurationList section */
		DB61AC6E1C9F040900D89514 /* Build configuration list for PBXProject "Ftue" */ = {
			isa = XCConfigurationList;
			buildConfigurations = (
				DB61AC881C9F040900D89514 /* Debug */,
				DB61AC891C9F040900D89514 /* Release */,
			);
			defaultConfigurationIsVisible = 0;
			defaultConfigurationName = Release;
		};
		DB61AC8A1C9F040900D89514 /* Build configuration list for PBXNativeTarget "Ftue" */ = {
			isa = XCConfigurationList;
			buildConfigurations = (
				DB61AC8B1C9F040900D89514 /* Debug */,
				DB61AC8C1C9F040900D89514 /* Release */,
			);
			defaultConfigurationIsVisible = 0;
		};
/* End XCConfigurationList section */
	};
	rootObject = DB61AC6B1C9F040900D89514 /* Project object */;
}
